
Microsoft Visual Studio Solution File, Format Version 12.00
# Visual Studio Version 17
VisualStudioVersion = 17.2.32505.173
MinimumVisualStudioVersion = 10.0.40219.1
Project("{FAE04EC0-301F-11D3-BF4B-00C04F79EFBC}") = "Banco72C-17-Matheus", "Banco72C-17-Matheus\Banco72C-17-Matheus.csproj", "{433F4C06-FF0D-4389-834C-F35E9D85BDBA}"
EndProject
Global
	GlobalSection(SolutionConfigurationPlatforms) = preSolution
		Debug|Any CPU = Debug|Any CPU
		Release|Any CPU = Release|Any CPU
	EndGlobalSection
	GlobalSection(ProjectConfigurationPlatforms) = postSolution
		{433F4C06-FF0D-4389-834C-F35E9D85BDBA}.Debug|Any CPU.ActiveCfg = Debug|Any CPU
		{433F4C06-FF0D-4389-834C-F35E9D85BDBA}.Debug|Any CPU.Build.0 = Debug|Any CPU
		{433F4C06-FF0D-4389-834C-F35E9D85BDBA}.Release|Any CPU.ActiveCfg = Release|Any CPU
		{433F4C06-FF0D-4389-834C-F35E9D85BDBA}.Release|Any CPU.Build.0 = Release|Any CPU
	EndGlobalSection
	GlobalSection(SolutionProperties) = preSolution
		HideSolutionNode = FALSE
	EndGlobalSection
	GlobalSection(ExtensibilityGlobals) = postSolution
		SolutionGuid = {2CF99613-E20A-4052-9870-3D57236A93A2}
	EndGlobalSection
EndGlobal
